
Microsoft Visual Studio Solution File, Format Version 12.00
# Visual Studio 15
Project("{FAE04EC0-301F-11D3-BF4B-00C04F79EFBC}") = "Assembly-CSharp", "Assembly-CSharp.csproj", "{BA4EFAD6-401D-97D4-2CE6-A92E5332C433}"
EndProject
Global
	GlobalSection(SolutionConfigurationPlatforms) = preSolution
		Debug|Any CPU = Debug|Any CPU
		Release|Any CPU = Release|Any CPU
	EndGlobalSection
	GlobalSection(ProjectConfigurationPlatforms) = postSolution
		{BA4EFAD6-401D-97D4-2CE6-A92E5332C433}.Debug|Any CPU.ActiveCfg = Debug|Any CPU
		{BA4EFAD6-401D-97D4-2CE6-A92E5332C433}.Debug|Any CPU.Build.0 = Debug|Any CPU
		{BA4EFAD6-401D-97D4-2CE6-A92E5332C433}.Release|Any CPU.ActiveCfg = Release|Any CPU
		{BA4EFAD6-401D-97D4-2CE6-A92E5332C433}.Release|Any CPU.Build.0 = Release|Any CPU
	EndGlobalSection
	GlobalSection(SolutionProperties) = preSolution
		HideSolutionNode = FALSE
	EndGlobalSection
EndGlobal
